# THIS IS AN AUTOGENERATED FILE. DO NOT EDIT THIS FILE DIRECTLY.
# yarn lockfile v1


gravatar-url@^2.0.0:
  version "2.0.0"
  resolved "https://registry.yarnpkg.com/gravatar-url/-/gravatar-url-2.0.0.tgz#d68ecdb3639ddeb409d1d54c0e8708f3a9b02db7"
  dependencies:
    md5-hex "^2.0.0"

jquery@^3.2.1:
  version "3.2.1"
  resolved "https://registry.yarnpkg.com/jquery/-/jquery-3.2.1.tgz#5c4d9de652af6cd0a770154a631bba12b015c787"

md5-hex@^2.0.0:
  version "2.0.0"
  resolved "https://registry.yarnpkg.com/md5-hex/-/md5-hex-2.0.0.tgz#d0588e9f1c74954492ecd24ac0ac6ce997d92e33"
  dependencies:
    md5-o-matic "^0.1.1"

md5-o-matic@^0.1.1:
  version "0.1.1"
  resolved "https://registry.yarnpkg.com/md5-o-matic/-/md5-o-matic-0.1.1.tgz#822bccd65e117c514fab176b25945d54100a03c3"
